
Microsoft Visual Studio Solution File, Format Version 12.00
# Visual Studio Version 17
VisualStudioVersion = 17.9.34723.18
MinimumVisualStudioVersion = 10.0.40219.1
Project("{FAE04EC0-301F-11D3-BF4B-00C04F79EFBC}") = "Modelo", "Modelo\Modelo.csproj", "{6EC5634E-2C30-4841-9E1B-CBFE86C342BA}"
EndProject
Project("{FAE04EC0-301F-11D3-BF4B-00C04F79EFBC}") = "Data", "Data\Data.csproj", "{659E84A1-E583-48C3-A434-BD670A0330EA}"
EndProject
Project("{FAE04EC0-301F-11D3-BF4B-00C04F79EFBC}") = "WebAPI", "WebAPI\WebAPI.csproj", "{3F8FF617-CFA7-44D3-99B8-D7348F110182}"
EndProject
Global
	GlobalSection(SolutionConfigurationPlatforms) = preSolution
		Debug|Any CPU = Debug|Any CPU
		Release|Any CPU = Release|Any CPU
	EndGlobalSection
	GlobalSection(ProjectConfigurationPlatforms) = postSolution
		{6EC5634E-2C30-4841-9E1B-CBFE86C342BA}.Debug|Any CPU.ActiveCfg = Debug|Any CPU
		{6EC5634E-2C30-4841-9E1B-CBFE86C342BA}.Debug|Any CPU.Build.0 = Debug|Any CPU
		{6EC5634E-2C30-4841-9E1B-CBFE86C342BA}.Release|Any CPU.ActiveCfg = Release|Any CPU
		{6EC5634E-2C30-4841-9E1B-CBFE86C342BA}.Release|Any CPU.Build.0 = Release|Any CPU
		{659E84A1-E583-48C3-A434-BD670A0330EA}.Debug|Any CPU.ActiveCfg = Debug|Any CPU
		{659E84A1-E583-48C3-A434-BD670A0330EA}.Debug|Any CPU.Build.0 = Debug|Any CPU
		{659E84A1-E583-48C3-A434-BD670A0330EA}.Release|Any CPU.ActiveCfg = Release|Any CPU
		{659E84A1-E583-48C3-A434-BD670A0330EA}.Release|Any CPU.Build.0 = Release|Any CPU
		{3F8FF617-CFA7-44D3-99B8-D7348F110182}.Debug|Any CPU.ActiveCfg = Debug|Any CPU
		{3F8FF617-CFA7-44D3-99B8-D7348F110182}.Debug|Any CPU.Build.0 = Debug|Any CPU
		{3F8FF617-CFA7-44D3-99B8-D7348F110182}.Release|Any CPU.ActiveCfg = Release|Any CPU
		{3F8FF617-CFA7-44D3-99B8-D7348F110182}.Release|Any CPU.Build.0 = Release|Any CPU
	EndGlobalSection
	GlobalSection(SolutionProperties) = preSolution
		HideSolutionNode = FALSE
	EndGlobalSection
	GlobalSection(ExtensibilityGlobals) = postSolution
		SolutionGuid = {D0D532F3-4591-47C8-AC18-A0DC4516C3BB}
	EndGlobalSection
EndGlobal
